{
  "requires": true,
  "lockfileVersion": 1,
  "dependencies": {
    "python-shell": {
      "version": "1.0.7",
      "resolved": "https://registry.npmjs.org/python-shell/-/python-shell-1.0.7.tgz",
      "integrity": "sha512-k6s27Uj5WEAxFLRKLFUvlDCm1GpkmAQ4vg9CASgqwbHqAM1d1x3nh3bzlBKgmRwNDeLlu0DP41CqwRZn1DKtuA=="
    },
    "vue-js-popover": {
      "version": "1.1.8",
      "resolved": "https://registry.npmjs.org/vue-js-popover/-/vue-js-popover-1.1.8.tgz",
      "integrity": "sha512-u2RN08XU3ZhatES48z3C0Yv/+Ft0hXkcKS63DjK9uX7oImQWsuC5xUC74CG0aQV+o8rUwgoikZFo696LTNNF1g=="
    }
  }
}
